<?xml version="1.0" encoding="utf-8"?>
<Project ToolsVersion="4.0" xmlns="http://schemas.microsoft.com/developer/msbuild/2003">
  <ItemGroup>
    <Filter Include="Source Files">
      <UniqueIdentifier>{4FC737F1-C7A5-4376-A066-2A32D752A2FF}</UniqueIdentifier>
      <Extensions>cpp;c;cc;cxx;def;odl;idl;hpj;bat;asm;asmx</Extensions>
    </Filter>
    <Filter Include="메인">
      <UniqueIdentifier>{b0e0b86c-11fe-434a-88c3-76b4b49914c9}</UniqueIdentifier>
    </Filter>
  </ItemGroup>
  <ItemGroup>
    <ClCompile Include="stdafx.cpp">
      <Filter>Source Files</Filter>
    </ClCompile>
    <ClCompile Include="main.cpp">
      <Filter>Source Files</Filter>
    </ClCompile>
    <ClCompile Include="Global.cpp">
      <Filter>Source Files</Filter>
    </ClCompile>
    <ClCompile Include="XRangeDec.cpp">
      <Filter>메인</Filter>
    </ClCompile>
    <ClCompile Include="XLzmaDec.cpp">
      <Filter>메인</Filter>
    </ClCompile>
    <ClCompile Include="XUnlzip.cpp">
      <Filter>메인</Filter>
    </ClCompile>
    <ClCompile Include="xunlzip_test.cpp">
      <Filter>메인</Filter>
    </ClCompile>
    <ClCompile Include="XStream.cpp">
      <Filter>메인</Filter>
    </ClCompile>
  </ItemGroup>
  <ItemGroup>
    <ClInclude Include="stdafx.h">
      <Filter>Source Files</Filter>
    </ClInclude>
    <ClInclude Include="Global.h">
      <Filter>Source Files</Filter>
    </ClInclude>
    <ClInclude Include="XRangeDec.h">
      <Filter>메인</Filter>
    </ClInclude>
    <ClInclude Include="XLzmaDec.h">
      <Filter>메인</Filter>
    </ClInclude>
    <ClInclude Include="_private.h">
      <Filter>메인</Filter>
    </ClInclude>
    <ClInclude Include="XUnlzip.h">
      <Filter>메인</Filter>
    </ClInclude>
    <ClInclude Include="xunlzip_test.h">
      <Filter>메인</Filter>
    </ClInclude>
    <ClInclude Include="XStream.h">
      <Filter>메인</Filter>
    </ClInclude>
  </ItemGroup>
</Project>